{
  "name": "mobile-app-admin-panel-frontend",
  "lockfileVersion": 3,
  "requires": true,
  "packages": {
    "": {
      "name": "mobile-app-admin-panel-frontend",
      "version": "0.1.0",
      "dependencies": {
        "next": "^16.1.6",
        "react": "^19.2.3",
        "react-dom": "^19.2.3"
      },
      "devDependencies": {
        "@tailwindcss/postcss": "^4.0.0",
        "@types/node": "^20.0.0",
        "@types/react": "^19.0.0",
        "@types/react-dom": "^19.0.0",
        "eslint": "^9.0.0",
        "eslint-config-next": "^16.1.6",
        "tailwindcss": "^4.0.0",
        "typescript": "^5.0.0"
      }
    },
    "node_modules/@tailwindcss/postcss": {
      "version": "4.0.0",
      "resolved": "https://registry.npmjs.org/@tailwindcss/postcss/-/postcss-4.0.0.tgz",
      "integrity": "sha512-XXXX"
    },
    "node_modules/@types/node": {
      "version": "20.0.0",
      "resolved": "https://registry.npmjs.org/@types/node/-/node-20.0.0.tgz",
      "integrity": "sha512-XXXX"
    },
    "node_modules/@types/react": {
      "version": "19.0.0",
      "resolved": "https://registry.npmjs.org/@types/react/-/react-19.0.0.tgz",
      "integrity": "sha512-XXXX"
    },
    "node_modules/@types/react-dom": {
      "version": "19.0.0",
      "resolved": "https://registry.npmjs.org/@types/react-dom/-/react-dom-19.0.0.tgz",
      "integrity": "sha512-XXXX"
    },
    "node_modules/eslint": {
      "version": "9.0.0",
      "resolved": "https://registry.npmjs.org/eslint/-/eslint-9.0.0.tgz",
      "integrity": "sha512-XXXX"
    },
    "node_modules/eslint-config-next": {
      "version": "16.1.6",
      "resolved": "https://registry.npmjs.org/eslint-config-next/-/eslint-config-next-16.1.6.tgz",
      "integrity": "sha512-XXXX"
    },
    "node_modules/next": {
      "version": "16.1.6",
      "resolved": "https://registry.npmjs.org/next/-/next-16.1.6.tgz",
      "integrity": "sha512-XXXX"
    },
    "node_modules/react": {
      "version": "19.2.3",
      "resolved": "https://registry.npmjs.org/react/-/react-19.2.3.tgz",
      "integrity": "sha512-XXXX"
    },
    "node_modules/react-dom": {
      "version": "19.2.3",
      "resolved": "https://registry.npmjs.org/react-dom/-/react-dom-19.2.3.tgz",
      "integrity": "sha512-XXXX"
    },
    "node_modules/tailwindcss": {
      "version": "4.0.0",
      "resolved": "https://registry.npmjs.org/tailwindcss/-/tailwindcss-4.0.0.tgz",
      "integrity": "sha512-XXXX"
    },
    "node_modules/typescript": {
      "version": "5.0.0",
      "resolved": "https://registry.npmjs.org/typescript/-/typescript-5.0.0.tgz",
      "integrity": "sha512-XXXX"
    }
  },
  "dependencies": {
    "next": {
      "version": "16.1.6",
      "resolved": "https://registry.npmjs.org/next/-/next-16.1.6.tgz"
    },
    "react": {
      "version": "19.2.3",
      "resolved": "https://registry.npmjs.org/react/-/react-19.2.3.tgz"
    },
    "react-dom": {
      "version": "19.2.3",
      "resolved": "https://registry.npmjs.org/react-dom/-/react-dom-19.2.3.tgz"
    }
  }
}